<?xml version="1.0" encoding="utf-8"?>
<Project ToolsVersion="4.0" xmlns="http://schemas.microsoft.com/developer/msbuild/2003">
  <ItemGroup>
    <Filter Include="Исходные файлы">
      <UniqueIdentifier>{4FC737F1-C7A5-4376-A066-2A32D752A2FF}</UniqueIdentifier>
      <Extensions>cpp;c;cc;cxx;c++;cppm;ixx;def;odl;idl;hpj;bat;asm;asmx</Extensions>
    </Filter>
    <Filter Include="Файлы заголовков">
      <UniqueIdentifier>{93995380-89BD-4b04-88EB-625FBE52EBFB}</UniqueIdentifier>
      <Extensions>h;hh;hpp;hxx;h++;hm;inl;inc;ipp;xsd</Extensions>
    </Filter>
    <Filter Include="Файлы ресурсов">
      <UniqueIdentifier>{67DA6AB6-F800-4c08-8B7A-83BB121AAD01}</UniqueIdentifier>
      <Extensions>rc;ico;cur;bmp;dlg;rc2;rct;bin;rgs;gif;jpg;jpeg;jpe;resx;tiff;tif;png;wav;mfcribbon-ms</Extensions>
    </Filter>
  </ItemGroup>
  <ItemGroup>
    <ClCompile Include="1-lru-cache.cpp">
      <Filter>Исходные файлы</Filter>
    </ClCompile>
    <ClCompile Include="2-two-sum.cpp">
      <Filter>Исходные файлы</Filter>
    </ClCompile>
    <ClCompile Include="2-three-sum.cpp">
      <Filter>Исходные файлы</Filter>
    </ClCompile>
    <ClCompile Include="2-four-sum.cpp">
      <Filter>Исходные файлы</Filter>
    </ClCompile>
    <ClCompile Include="3-coin-change.cpp">
      <Filter>Исходные файлы</Filter>
    </ClCompile>
    <ClCompile Include="4-minesweeper.cpp">
      <Filter>Исходные файлы</Filter>
    </ClCompile>
    <ClCompile Include="5-number-of-islands.cpp">
      <Filter>Исходные файлы</Filter>
    </ClCompile>
    <ClCompile Include="6-remove-comments.cpp">
      <Filter>Исходные файлы</Filter>
    </ClCompile>
    <ClCompile Include="7-merge-k-sorted-lists.cpp">
      <Filter>Исходные файлы</Filter>
    </ClCompile>
    <ClCompile Include="8-maximal-square.cpp">
      <Filter>Исходные файлы</Filter>
    </ClCompile>
    <ClCompile Include="8-maximal-rectangle.cpp">
      <Filter>Исходные файлы</Filter>
    </ClCompile>
    <ClCompile Include="9-binary-tree-right-side-view.cpp">
      <Filter>Исходные файлы</Filter>
    </ClCompile>
    <ClCompile Include="10-clone-graph.cpp">
      <Filter>Исходные файлы</Filter>
    </ClCompile>
    <ClCompile Include="10-serialize-and-deserialize-binary-tree.cpp">
      <Filter>Исходные файлы</Filter>
    </ClCompile>
    <ClCompile Include="11-n-queens.cpp">
      <Filter>Исходные файлы</Filter>
    </ClCompile>
    <ClCompile Include="12-trapping-rain-water.cpp">
      <Filter>Исходные файлы</Filter>
    </ClCompile>
    <ClCompile Include="13-count-good-nodes-in-binary-tree.cpp">
      <Filter>Исходные файлы</Filter>
    </ClCompile>
    <ClCompile Include="14-find-n-unique-integers-sum-up-to-zero.cpp">
      <Filter>Исходные файлы</Filter>
    </ClCompile>
  </ItemGroup>
</Project>